version = 1

[[bindings]]
doc = "docs/proposals/completed/packages-qa.md"
target = "packages/qa/README.md"
sig = "4f57ba5fb70d2c85"

[[bindings]]
doc = "docs/proposals/completed/packages-qa.md"
target = "packages/qa/helpers/_example-bootstrap-env.md"
sig = "f6116370d5364d25"

[[bindings]]
doc = "docs/proposals/completed/packages-qa.md"
target = "packages/qa/helpers/_example-cleanup.md"
sig = "f5128490c6e5fff1"

[[bindings]]
doc = "docs/proposals/completed/packages-qa.md"
target = "packages/qa/helpers/_example-setup-test-dir.md"
sig = "4ca0dccdcc52cadf"

[[bindings]]
doc = "docs/proposals/completed/packages-qa.md"
target = "packages/qa/scenarios/_example-api.md"
sig = "cc37dd3f48691104"

[[bindings]]
doc = "docs/proposals/completed/packages-qa.md"
target = "packages/qa/scenarios/_example-cli.md"
sig = "8798778348fddff9"

[[bindings]]
doc = "docs/proposals/completed/packages-qa.md"
target = "packages/qa/scenarios/_example-worker.md"
sig = "493e068a9a9a47bc"

[[bindings]]
doc = "docs/proposals/completed/packages-qa.md"
target = "packages/qa/scenarios/_template.md"
sig = "3712f9f638d32eae"

[[bindings]]
doc = "docs/testing/qa.md"
target = "packages/qa/README.md"
sig = "4f57ba5fb70d2c85"

[[bindings]]
doc = "packages/qa/scenarios/_example-api.md"
target = "docs/templates/api.md"
sig = "db562e0c4d6890e5"

[[bindings]]
doc = "packages/qa/scenarios/_example-cli.md"
target = "docs/templates/cli.md"
sig = "1d78e71995833ed4"

[[bindings]]
doc = "packages/qa/scenarios/_example-worker.md"
target = "docs/templates/worker.md"
sig = "7140b1c1a30afbec"
